
Microsoft Visual Studio Solution File, Format Version 12.00
# Visual Studio Version 17
VisualStudioVersion = 17.0.31903.59
MinimumVisualStudioVersion = 10.0.40219.1
Project("{FAE04EC0-301F-11D3-BF4B-00C04F79EFBC}") = "PdVm.Runtime", "PdVm.Runtime\PdVm.Runtime.csproj", "{40F2DD35-D8C0-4728-9BAA-B7B80B72B603}"
EndProject
Project("{FAE04EC0-301F-11D3-BF4B-00C04F79EFBC}") = "PdVm.Compiler", "PdVm.Compiler\PdVm.Compiler.csproj", "{213CB419-004C-4407-8B5E-1AE843B60945}"
EndProject
Project("{FAE04EC0-301F-11D3-BF4B-00C04F79EFBC}") = "PdVm.Runner", "PdVm.Runner\PdVm.Runner.csproj", "{F2E41707-144D-421E-ACA2-E62911584E6F}"
EndProject
Project("{FAE04EC0-301F-11D3-BF4B-00C04F79EFBC}") = "PdVm.Tests", "PdVm.Tests\PdVm.Tests.csproj", "{60D27847-9C7A-4912-901B-B5A6766CC43C}"
EndProject
Project("{FAE04EC0-301F-11D3-BF4B-00C04F79EFBC}") = "PdEdge.Http", "PdEdge.Http\PdEdge.Http.csproj", "{22B66290-8C5A-4598-AC2E-E5DABC99322E}"
EndProject
Project("{FAE04EC0-301F-11D3-BF4B-00C04F79EFBC}") = "PdEdge.Http.Tests", "PdEdge.Http.Tests\PdEdge.Http.Tests.csproj", "{EC733FD0-1AD0-4DD8-8F1B-A05AC75F2926}"
EndProject
Global
	GlobalSection(SolutionConfigurationPlatforms) = preSolution
		Debug|Any CPU = Debug|Any CPU
		Debug|x64 = Debug|x64
		Debug|x86 = Debug|x86
		Release|Any CPU = Release|Any CPU
		Release|x64 = Release|x64
		Release|x86 = Release|x86
	EndGlobalSection
	GlobalSection(ProjectConfigurationPlatforms) = postSolution
		{40F2DD35-D8C0-4728-9BAA-B7B80B72B603}.Debug|Any CPU.ActiveCfg = Debug|Any CPU
		{40F2DD35-D8C0-4728-9BAA-B7B80B72B603}.Debug|Any CPU.Build.0 = Debug|Any CPU
		{40F2DD35-D8C0-4728-9BAA-B7B80B72B603}.Debug|x64.ActiveCfg = Debug|Any CPU
		{40F2DD35-D8C0-4728-9BAA-B7B80B72B603}.Debug|x64.Build.0 = Debug|Any CPU
		{40F2DD35-D8C0-4728-9BAA-B7B80B72B603}.Debug|x86.ActiveCfg = Debug|Any CPU
		{40F2DD35-D8C0-4728-9BAA-B7B80B72B603}.Debug|x86.Build.0 = Debug|Any CPU
		{40F2DD35-D8C0-4728-9BAA-B7B80B72B603}.Release|Any CPU.ActiveCfg = Release|Any CPU
		{40F2DD35-D8C0-4728-9BAA-B7B80B72B603}.Release|Any CPU.Build.0 = Release|Any CPU
		{40F2DD35-D8C0-4728-9BAA-B7B80B72B603}.Release|x64.ActiveCfg = Release|Any CPU
		{40F2DD35-D8C0-4728-9BAA-B7B80B72B603}.Release|x64.Build.0 = Release|Any CPU
		{40F2DD35-D8C0-4728-9BAA-B7B80B72B603}.Release|x86.ActiveCfg = Release|Any CPU
		{40F2DD35-D8C0-4728-9BAA-B7B80B72B603}.Release|x86.Build.0 = Release|Any CPU
		{213CB419-004C-4407-8B5E-1AE843B60945}.Debug|Any CPU.ActiveCfg = Debug|Any CPU
		{213CB419-004C-4407-8B5E-1AE843B60945}.Debug|Any CPU.Build.0 = Debug|Any CPU
		{213CB419-004C-4407-8B5E-1AE843B60945}.Debug|x64.ActiveCfg = Debug|Any CPU
		{213CB419-004C-4407-8B5E-1AE843B60945}.Debug|x64.Build.0 = Debug|Any CPU
		{213CB419-004C-4407-8B5E-1AE843B60945}.Debug|x86.ActiveCfg = Debug|Any CPU
		{213CB419-004C-4407-8B5E-1AE843B60945}.Debug|x86.Build.0 = Debug|Any CPU
		{213CB419-004C-4407-8B5E-1AE843B60945}.Release|Any CPU.ActiveCfg = Release|Any CPU
		{213CB419-004C-4407-8B5E-1AE843B60945}.Release|Any CPU.Build.0 = Release|Any CPU
		{213CB419-004C-4407-8B5E-1AE843B60945}.Release|x64.ActiveCfg = Release|Any CPU
		{213CB419-004C-4407-8B5E-1AE843B60945}.Release|x64.Build.0 = Release|Any CPU
		{213CB419-004C-4407-8B5E-1AE843B60945}.Release|x86.ActiveCfg = Release|Any CPU
		{213CB419-004C-4407-8B5E-1AE843B60945}.Release|x86.Build.0 = Release|Any CPU
		{F2E41707-144D-421E-ACA2-E62911584E6F}.Debug|Any CPU.ActiveCfg = Debug|Any CPU
		{F2E41707-144D-421E-ACA2-E62911584E6F}.Debug|Any CPU.Build.0 = Debug|Any CPU
		{F2E41707-144D-421E-ACA2-E62911584E6F}.Debug|x64.ActiveCfg = Debug|Any CPU
		{F2E41707-144D-421E-ACA2-E62911584E6F}.Debug|x64.Build.0 = Debug|Any CPU
		{F2E41707-144D-421E-ACA2-E62911584E6F}.Debug|x86.ActiveCfg = Debug|Any CPU
		{F2E41707-144D-421E-ACA2-E62911584E6F}.Debug|x86.Build.0 = Debug|Any CPU
		{F2E41707-144D-421E-ACA2-E62911584E6F}.Release|Any CPU.ActiveCfg = Release|Any CPU
		{F2E41707-144D-421E-ACA2-E62911584E6F}.Release|Any CPU.Build.0 = Release|Any CPU
		{F2E41707-144D-421E-ACA2-E62911584E6F}.Release|x64.ActiveCfg = Release|Any CPU
		{F2E41707-144D-421E-ACA2-E62911584E6F}.Release|x64.Build.0 = Release|Any CPU
		{F2E41707-144D-421E-ACA2-E62911584E6F}.Release|x86.ActiveCfg = Release|Any CPU
		{F2E41707-144D-421E-ACA2-E62911584E6F}.Release|x86.Build.0 = Release|Any CPU
		{60D27847-9C7A-4912-901B-B5A6766CC43C}.Debug|Any CPU.ActiveCfg = Debug|Any CPU
		{60D27847-9C7A-4912-901B-B5A6766CC43C}.Debug|Any CPU.Build.0 = Debug|Any CPU
		{60D27847-9C7A-4912-901B-B5A6766CC43C}.Debug|x64.ActiveCfg = Debug|Any CPU
		{60D27847-9C7A-4912-901B-B5A6766CC43C}.Debug|x64.Build.0 = Debug|Any CPU
		{60D27847-9C7A-4912-901B-B5A6766CC43C}.Debug|x86.ActiveCfg = Debug|Any CPU
		{60D27847-9C7A-4912-901B-B5A6766CC43C}.Debug|x86.Build.0 = Debug|Any CPU
		{60D27847-9C7A-4912-901B-B5A6766CC43C}.Release|Any CPU.ActiveCfg = Release|Any CPU
		{60D27847-9C7A-4912-901B-B5A6766CC43C}.Release|Any CPU.Build.0 = Release|Any CPU
		{60D27847-9C7A-4912-901B-B5A6766CC43C}.Release|x64.ActiveCfg = Release|Any CPU
		{60D27847-9C7A-4912-901B-B5A6766CC43C}.Release|x64.Build.0 = Release|Any CPU
		{60D27847-9C7A-4912-901B-B5A6766CC43C}.Release|x86.ActiveCfg = Release|Any CPU
		{60D27847-9C7A-4912-901B-B5A6766CC43C}.Release|x86.Build.0 = Release|Any CPU
		{22B66290-8C5A-4598-AC2E-E5DABC99322E}.Debug|Any CPU.ActiveCfg = Debug|Any CPU
		{22B66290-8C5A-4598-AC2E-E5DABC99322E}.Debug|Any CPU.Build.0 = Debug|Any CPU
		{22B66290-8C5A-4598-AC2E-E5DABC99322E}.Debug|x64.ActiveCfg = Debug|Any CPU
		{22B66290-8C5A-4598-AC2E-E5DABC99322E}.Debug|x64.Build.0 = Debug|Any CPU
		{22B66290-8C5A-4598-AC2E-E5DABC99322E}.Debug|x86.ActiveCfg = Debug|Any CPU
		{22B66290-8C5A-4598-AC2E-E5DABC99322E}.Debug|x86.Build.0 = Debug|Any CPU
		{22B66290-8C5A-4598-AC2E-E5DABC99322E}.Release|Any CPU.ActiveCfg = Release|Any CPU
		{22B66290-8C5A-4598-AC2E-E5DABC99322E}.Release|Any CPU.Build.0 = Release|Any CPU
		{22B66290-8C5A-4598-AC2E-E5DABC99322E}.Release|x64.ActiveCfg = Release|Any CPU
		{22B66290-8C5A-4598-AC2E-E5DABC99322E}.Release|x64.Build.0 = Release|Any CPU
		{22B66290-8C5A-4598-AC2E-E5DABC99322E}.Release|x86.ActiveCfg = Release|Any CPU
		{22B66290-8C5A-4598-AC2E-E5DABC99322E}.Release|x86.Build.0 = Release|Any CPU
		{EC733FD0-1AD0-4DD8-8F1B-A05AC75F2926}.Debug|Any CPU.ActiveCfg = Debug|Any CPU
		{EC733FD0-1AD0-4DD8-8F1B-A05AC75F2926}.Debug|Any CPU.Build.0 = Debug|Any CPU
		{EC733FD0-1AD0-4DD8-8F1B-A05AC75F2926}.Debug|x64.ActiveCfg = Debug|Any CPU
		{EC733FD0-1AD0-4DD8-8F1B-A05AC75F2926}.Debug|x64.Build.0 = Debug|Any CPU
		{EC733FD0-1AD0-4DD8-8F1B-A05AC75F2926}.Debug|x86.ActiveCfg = Debug|Any CPU
		{EC733FD0-1AD0-4DD8-8F1B-A05AC75F2926}.Debug|x86.Build.0 = Debug|Any CPU
		{EC733FD0-1AD0-4DD8-8F1B-A05AC75F2926}.Release|Any CPU.ActiveCfg = Release|Any CPU
		{EC733FD0-1AD0-4DD8-8F1B-A05AC75F2926}.Release|Any CPU.Build.0 = Release|Any CPU
		{EC733FD0-1AD0-4DD8-8F1B-A05AC75F2926}.Release|x64.ActiveCfg = Release|Any CPU
		{EC733FD0-1AD0-4DD8-8F1B-A05AC75F2926}.Release|x64.Build.0 = Release|Any CPU
		{EC733FD0-1AD0-4DD8-8F1B-A05AC75F2926}.Release|x86.ActiveCfg = Release|Any CPU
		{EC733FD0-1AD0-4DD8-8F1B-A05AC75F2926}.Release|x86.Build.0 = Release|Any CPU
	EndGlobalSection
	GlobalSection(SolutionProperties) = preSolution
		HideSolutionNode = FALSE
	EndGlobalSection
EndGlobal
